// !$*UTF8*$!
{
	archiveVersion = 1;
	classes = {
	};
	objectVersion = 55;
	objects = {

/* Begin PBXBuildFile section */
		1A31FC432981767B001BAA2E /* AppDelegate.swift in Sources */ = {isa = PBXBuildFile; fileRef = 1A31FC422981767B001BAA2E /* AppDelegate.swift */; };
		1A31FC452981767B001BAA2E /* SceneDelegate.swift in Sources */ = {isa = PBXBuildFile; fileRef = 1A31FC442981767B001BAA2E /* SceneDelegate.swift */; };
		1A31FC472981767B001BAA2E /* MainTabBarViewController.swift in Sources */ = {isa = PBXBuildFile; fileRef = 1A31FC462981767B001BAA2E /* MainTabBarViewController.swift */; };
		1A31FC4C2981767C001BAA2E /* Assets.xcassets in Resources */ = {isa = PBXBuildFile; fileRef = 1A31FC4B2981767C001BAA2E /* Assets.xcassets */; };
		1A31FC4F2981767C001BAA2E /* LaunchScreen.storyboard in Resources */ = {isa = PBXBuildFile; fileRef = 1A31FC4D2981767C001BAA2E /* LaunchScreen.storyboard */; };
		1A31FC5829818492001BAA2E /* HomeViewController.swift in Sources */ = {isa = PBXBuildFile; fileRef = 1A31FC5729818492001BAA2E /* HomeViewController.swift */; };
		1A31FC5A298184A6001BAA2E /* UpcomingViewController.swift in Sources */ = {isa = PBXBuildFile; fileRef = 1A31FC59298184A6001BAA2E /* UpcomingViewController.swift */; };
		1A31FC5C298184B2001BAA2E /* SearchViewController.swift in Sources */ = {isa = PBXBuildFile; fileRef = 1A31FC5B298184B2001BAA2E /* SearchViewController.swift */; };
		1A31FC5E298184C3001BAA2E /* DownloadViewController.swift in Sources */ = {isa = PBXBuildFile; fileRef = 1A31FC5D298184C3001BAA2E /* DownloadViewController.swift */; };
		1A31FC6129818527001BAA2E /* CollectionViewTableViewCell.swift in Sources */ = {isa = PBXBuildFile; fileRef = 1A31FC6029818527001BAA2E /* CollectionViewTableViewCell.swift */; };
		1A31FC6329818554001BAA2E /* HeroHeaderUIView.swift in Sources */ = {isa = PBXBuildFile; fileRef = 1A31FC6229818554001BAA2E /* HeroHeaderUIView.swift */; };
		1A31FC69298187A2001BAA2E /* ApiCaller.swift in Sources */ = {isa = PBXBuildFile; fileRef = 1A31FC68298187A2001BAA2E /* ApiCaller.swift */; };
		1A31FC6B29818A17001BAA2E /* Endpoints.swift in Sources */ = {isa = PBXBuildFile; fileRef = 1A31FC6A29818A17001BAA2E /* Endpoints.swift */; };
		A19BF4E783707E4ACEFC8E14 /* Pods_iCinemApp.framework in Frameworks */ = {isa = PBXBuildFile; fileRef = F5099170EACED3D488BAB92F /* Pods_iCinemApp.framework */; };
/* End PBXBuildFile section */

/* Begin PBXFileReference section */
		1A31FC3F2981767B001BAA2E /* iCinemApp.app */ = {isa = PBXFileReference; explicitFileType = wrapper.application; includeInIndex = 0; path = iCinemApp.app; sourceTree = BUILT_PRODUCTS_DIR; };
		1A31FC422981767B001BAA2E /* AppDelegate.swift */ = {isa = PBXFileReference; lastKnownFileType = sourcecode.swift; path = AppDelegate.swift; sourceTree = "<group>"; };
		1A31FC442981767B001BAA2E /* SceneDelegate.swift */ = {isa = PBXFileReference; lastKnownFileType = sourcecode.swift; path = SceneDelegate.swift; sourceTree = "<group>"; };
		1A31FC462981767B001BAA2E /* MainTabBarViewController.swift */ = {isa = PBXFileReference; lastKnownFileType = sourcecode.swift; path = MainTabBarViewController.swift; sourceTree = "<group>"; };
		1A31FC4B2981767C001BAA2E /* Assets.xcassets */ = {isa = PBXFileReference; lastKnownFileType = folder.assetcatalog; path = Assets.xcassets; sourceTree = "<group>"; };
		1A31FC4E2981767C001BAA2E /* Base */ = {isa = PBXFileReference; lastKnownFileType = file.storyboard; name = Base; path = Base.lproj/LaunchScreen.storyboard; sourceTree = "<group>"; };
		1A31FC502981767C001BAA2E /* Info.plist */ = {isa = PBXFileReference; lastKnownFileType = text.plist.xml; path = Info.plist; sourceTree = "<group>"; };
		1A31FC5729818492001BAA2E /* HomeViewController.swift */ = {isa = PBXFileReference; lastKnownFileType = sourcecode.swift; path = HomeViewController.swift; sourceTree = "<group>"; };
		1A31FC59298184A6001BAA2E /* UpcomingViewController.swift */ = {isa = PBXFileReference; lastKnownFileType = sourcecode.swift; path = UpcomingViewController.swift; sourceTree = "<group>"; };
		1A31FC5B298184B2001BAA2E /* SearchViewController.swift */ = {isa = PBXFileReference; lastKnownFileType = sourcecode.swift; path = SearchViewController.swift; sourceTree = "<group>"; };
		1A31FC5D298184C3001BAA2E /* DownloadViewController.swift */ = {isa = PBXFileReference; lastKnownFileType = sourcecode.swift; path = DownloadViewController.swift; sourceTree = "<group>"; };
		1A31FC6029818527001BAA2E /* CollectionViewTableViewCell.swift */ = {isa = PBXFileReference; lastKnownFileType = sourcecode.swift; path = CollectionViewTableViewCell.swift; sourceTree = "<group>"; };
		1A31FC6229818554001BAA2E /* HeroHeaderUIView.swift */ = {isa = PBXFileReference; lastKnownFileType = sourcecode.swift; path = HeroHeaderUIView.swift; sourceTree = "<group>"; };
		1A31FC68298187A2001BAA2E /* ApiCaller.swift */ = {isa = PBXFileReference; lastKnownFileType = sourcecode.swift; path = ApiCaller.swift; sourceTree = "<group>"; };
		1A31FC6A29818A17001BAA2E /* Endpoints.swift */ = {isa = PBXFileReference; lastKnownFileType = sourcecode.swift; path = Endpoints.swift; sourceTree = "<group>"; };
		44EEFAB7CC9D49461B559E13 /* Pods-iCinemApp.debug.xcconfig */ = {isa = PBXFileReference; includeInIndex = 1; lastKnownFileType = text.xcconfig; name = "Pods-iCinemApp.debug.xcconfig"; path = "Target Support Files/Pods-iCinemApp/Pods-iCinemApp.debug.xcconfig"; sourceTree = "<group>"; };
		F5099170EACED3D488BAB92F /* Pods_iCinemApp.framework */ = {isa = PBXFileReference; explicitFileType = wrapper.framework; includeInIndex = 0; path = Pods_iCinemApp.framework; sourceTree = BUILT_PRODUCTS_DIR; };
		FA624DA27D9FC5C29B3E1FE9 /* Pods-iCinemApp.release.xcconfig */ = {isa = PBXFileReference; includeInIndex = 1; lastKnownFileType = text.xcconfig; name = "Pods-iCinemApp.release.xcconfig"; path = "Target Support Files/Pods-iCinemApp/Pods-iCinemApp.release.xcconfig"; sourceTree = "<group>"; };
/* End PBXFileReference section */

/* Begin PBXFrameworksBuildPhase section */
		1A31FC3C2981767B001BAA2E /* Frameworks */ = {
			isa = PBXFrameworksBuildPhase;
			buildActionMask = 2147483647;
			files = (
				A19BF4E783707E4ACEFC8E14 /* Pods_iCinemApp.framework in Frameworks */,
			);
			runOnlyForDeploymentPostprocessing = 0;
		};
/* End PBXFrameworksBuildPhase section */

/* Begin PBXGroup section */
		1A31FC362981767B001BAA2E = {
			isa = PBXGroup;
			children = (
				1A31FC412981767B001BAA2E /* iCinemApp */,
				1A31FC402981767B001BAA2E /* Products */,
				604B5860362336FA0E116471 /* Pods */,
				EBE2202E9DA195C191CB16D6 /* Frameworks */,
			);
			sourceTree = "<group>";
		};
		1A31FC402981767B001BAA2E /* Products */ = {
			isa = PBXGroup;
			children = (
				1A31FC3F2981767B001BAA2E /* iCinemApp.app */,
			);
			name = Products;
			sourceTree = "<group>";
		};
		1A31FC412981767B001BAA2E /* iCinemApp */ = {
			isa = PBXGroup;
			children = (
				1A31FC6729818791001BAA2E /* Managers */,
				1A31FC6629818787001BAA2E /* Resources */,
				1A31FC6529818780001BAA2E /* Models */,
				1A31FC5F29818503001BAA2E /* Views */,
				1A31FC642981876F001BAA2E /* ViewModels */,
				1A31FC562981846B001BAA2E /* Controllers */,
				1A31FC422981767B001BAA2E /* AppDelegate.swift */,
				1A31FC442981767B001BAA2E /* SceneDelegate.swift */,
				1A31FC462981767B001BAA2E /* MainTabBarViewController.swift */,
				1A31FC4B2981767C001BAA2E /* Assets.xcassets */,
				1A31FC4D2981767C001BAA2E /* LaunchScreen.storyboard */,
				1A31FC502981767C001BAA2E /* Info.plist */,
			);
			path = iCinemApp;
			sourceTree = "<group>";
		};
		1A31FC562981846B001BAA2E /* Controllers */ = {
			isa = PBXGroup;
			children = (
				1A31FC5729818492001BAA2E /* HomeViewController.swift */,
				1A31FC59298184A6001BAA2E /* UpcomingViewController.swift */,
				1A31FC5B298184B2001BAA2E /* SearchViewController.swift */,
				1A31FC5D298184C3001BAA2E /* DownloadViewController.swift */,
			);
			path = Controllers;
			sourceTree = "<group>";
		};
		1A31FC5F29818503001BAA2E /* Views */ = {
			isa = PBXGroup;
			children = (
				1A31FC6029818527001BAA2E /* CollectionViewTableViewCell.swift */,
				1A31FC6229818554001BAA2E /* HeroHeaderUIView.swift */,
			);
			path = Views;
			sourceTree = "<group>";
		};
		1A31FC642981876F001BAA2E /* ViewModels */ = {
			isa = PBXGroup;
			children = (
			);
			path = ViewModels;
			sourceTree = "<group>";
		};
		1A31FC6529818780001BAA2E /* Models */ = {
			isa = PBXGroup;
			children = (
			);
			path = Models;
			sourceTree = "<group>";
		};
		1A31FC6629818787001BAA2E /* Resources */ = {
			isa = PBXGroup;
			children = (
			);
			path = Resources;
			sourceTree = "<group>";
		};
		1A31FC6729818791001BAA2E /* Managers */ = {
			isa = PBXGroup;
			children = (
				1A31FC68298187A2001BAA2E /* ApiCaller.swift */,
				1A31FC6A29818A17001BAA2E /* Endpoints.swift */,
			);
			path = Managers;
			sourceTree = "<group>";
		};
		604B5860362336FA0E116471 /* Pods */ = {
			isa = PBXGroup;
			children = (
				44EEFAB7CC9D49461B559E13 /* Pods-iCinemApp.debug.xcconfig */,
				FA624DA27D9FC5C29B3E1FE9 /* Pods-iCinemApp.release.xcconfig */,
			);
			name = Pods;
			path = Pods;
			sourceTree = "<group>";
		};
		EBE2202E9DA195C191CB16D6 /* Frameworks */ = {
			isa = PBXGroup;
			children = (
				F5099170EACED3D488BAB92F /* Pods_iCinemApp.framework */,
			);
			name = Frameworks;
			sourceTree = "<group>";
		};
/* End PBXGroup section */

/* Begin PBXNativeTarget section */
		1A31FC3E2981767B001BAA2E /* iCinemApp */ = {
			isa = PBXNativeTarget;
			buildConfigurationList = 1A31FC532981767C001BAA2E /* Build configuration list for PBXNativeTarget "iCinemApp" */;
			buildPhases = (
				4BE3193DCDB8B454250E517C /* [CP] Check Pods Manifest.lock */,
				1A31FC3B2981767B001BAA2E /* Sources */,
				1A31FC3C2981767B001BAA2E /* Frameworks */,
				1A31FC3D2981767B001BAA2E /* Resources */,
				02972D8B46CBCFBAB0F3446D /* [CP] Embed Pods Frameworks */,
			);
			buildRules = (
			);
			dependencies = (
			);
			name = iCinemApp;
			productName = iCinemApp;
			productReference = 1A31FC3F2981767B001BAA2E /* iCinemApp.app */;
			productType = "com.apple.product-type.application";
		};
/* End PBXNativeTarget section */

/* Begin PBXProject section */
		1A31FC372981767B001BAA2E /* Project object */ = {
			isa = PBXProject;
			attributes = {
				BuildIndependentTargetsInParallel = 1;
				LastSwiftUpdateCheck = 1420;
				LastUpgradeCheck = 1420;
				TargetAttributes = {
					1A31FC3E2981767B001BAA2E = {
						CreatedOnToolsVersion = 14.2;
					};
				};
			};
			buildConfigurationList = 1A31FC3A2981767B001BAA2E /* Build configuration list for PBXProject "iCinemApp" */;
			compatibilityVersion = "Xcode 13.0";
			developmentRegion = en;
			hasScannedForEncodings = 0;
			knownRegions = (
				en,
				Base,
			);
			mainGroup = 1A31FC362981767B001BAA2E;
			productRefGroup = 1A31FC402981767B001BAA2E /* Products */;
			projectDirPath = "";
			projectRoot = "";
			targets = (
				1A31FC3E2981767B001BAA2E /* iCinemApp */,
			);
		};
/* End PBXProject section */

/* Begin PBXResourcesBuildPhase section */
		1A31FC3D2981767B001BAA2E /* Resources */ = {
			isa = PBXResourcesBuildPhase;
			buildActionMask = 2147483647;
			files = (
				1A31FC4F2981767C001BAA2E /* LaunchScreen.storyboard in Resources */,
				1A31FC4C2981767C001BAA2E /* Assets.xcassets in Resources */,
			);
			runOnlyForDeploymentPostprocessing = 0;
		};
/* End PBXResourcesBuildPhase section */

/* Begin PBXShellScriptBuildPhase section */
		02972D8B46CBCFBAB0F3446D /* [CP] Embed Pods Frameworks */ = {
			isa = PBXShellScriptBuildPhase;
			buildActionMask = 2147483647;
			files = (
			);
			inputFileListPaths = (
				"${PODS_ROOT}/Target Support Files/Pods-iCinemApp/Pods-iCinemApp-frameworks-${CONFIGURATION}-input-files.xcfilelist",
			);
			name = "[CP] Embed Pods Frameworks";
			outputFileListPaths = (
				"${PODS_ROOT}/Target Support Files/Pods-iCinemApp/Pods-iCinemApp-frameworks-${CONFIGURATION}-output-files.xcfilelist",
			);
			runOnlyForDeploymentPostprocessing = 0;
			shellPath = /bin/sh;
			shellScript = "\"${PODS_ROOT}/Target Support Files/Pods-iCinemApp/Pods-iCinemApp-frameworks.sh\"\n";
			showEnvVarsInLog = 0;
		};
		4BE3193DCDB8B454250E517C /* [CP] Check Pods Manifest.lock */ = {
			isa = PBXShellScriptBuildPhase;
			buildActionMask = 2147483647;
			files = (
			);
			inputFileListPaths = (
			);
			inputPaths = (
				"${PODS_PODFILE_DIR_PATH}/Podfile.lock",
				"${PODS_ROOT}/Manifest.lock",
			);
			name = "[CP] Check Pods Manifest.lock";
			outputFileListPaths = (
			);
			outputPaths = (
				"$(DERIVED_FILE_DIR)/Pods-iCinemApp-checkManifestLockResult.txt",
			);
			runOnlyForDeploymentPostprocessing = 0;
			shellPath = /bin/sh;
			shellScript = "diff \"${PODS_PODFILE_DIR_PATH}/Podfile.lock\" \"${PODS_ROOT}/Manifest.lock\" > /dev/null\nif [ $? != 0 ] ; then\n    # print error to STDERR\n    echo \"error: The sandbox is not in sync with the Podfile.lock. Run 'pod install' or update your CocoaPods installation.\" >&2\n    exit 1\nfi\n# This output is used by Xcode 'outputs' to avoid re-running this script phase.\necho \"SUCCESS\" > \"${SCRIPT_OUTPUT_FILE_0}\"\n";
			showEnvVarsInLog = 0;
		};
/* End PBXShellScriptBuildPhase section */

/* Begin PBXSourcesBuildPhase section */
		1A31FC3B2981767B001BAA2E /* Sources */ = {
			isa = PBXSourcesBuildPhase;
			buildActionMask = 2147483647;
			files = (
				1A31FC5C298184B2001BAA2E /* SearchViewController.swift in Sources */,
				1A31FC472981767B001BAA2E /* MainTabBarViewController.swift in Sources */,
				1A31FC6129818527001BAA2E /* CollectionViewTableViewCell.swift in Sources */,
				1A31FC6329818554001BAA2E /* HeroHeaderUIView.swift in Sources */,
				1A31FC432981767B001BAA2E /* AppDelegate.swift in Sources */,
				1A31FC5E298184C3001BAA2E /* DownloadViewController.swift in Sources */,
				1A31FC452981767B001BAA2E /* SceneDelegate.swift in Sources */,
				1A31FC5A298184A6001BAA2E /* UpcomingViewController.swift in Sources */,
				1A31FC5829818492001BAA2E /* HomeViewController.swift in Sources */,
				1A31FC69298187A2001BAA2E /* ApiCaller.swift in Sources */,
				1A31FC6B29818A17001BAA2E /* Endpoints.swift in Sources */,
			);
			runOnlyForDeploymentPostprocessing = 0;
		};
/* End PBXSourcesBuildPhase section */

/* Begin PBXVariantGroup section */
		1A31FC4D2981767C001BAA2E /* LaunchScreen.storyboard */ = {
			isa = PBXVariantGroup;
			children = (
				1A31FC4E2981767C001BAA2E /* Base */,
			);
			name = LaunchScreen.storyboard;
			sourceTree = "<group>";
		};
/* End PBXVariantGroup section */

/* Begin XCBuildConfiguration section */
		1A31FC512981767C001BAA2E /* Debug */ = {
			isa = XCBuildConfiguration;
			buildSettings = {
				ALWAYS_SEARCH_USER_PATHS = NO;
				CLANG_ANALYZER_NONNULL = YES;
				CLANG_ANALYZER_NUMBER_OBJECT_CONVERSION = YES_AGGRESSIVE;
				CLANG_CXX_LANGUAGE_STANDARD = "gnu++20";
				CLANG_ENABLE_MODULES = YES;
				CLANG_ENABLE_OBJC_ARC = YES;
				CLANG_ENABLE_OBJC_WEAK = YES;
				CLANG_WARN_BLOCK_CAPTURE_AUTORELEASING = YES;
				CLANG_WARN_BOOL_CONVERSION = YES;
				CLANG_WARN_COMMA = YES;
				CLANG_WARN_CONSTANT_CONVERSION = YES;
				CLANG_WARN_DEPRECATED_OBJC_IMPLEMENTATIONS = YES;
				CLANG_WARN_DIRECT_OBJC_ISA_USAGE = YES_ERROR;
				CLANG_WARN_DOCUMENTATION_COMMENTS = YES;
				CLANG_WARN_EMPTY_BODY = YES;
				CLANG_WARN_ENUM_CONVERSION = YES;
				CLANG_WARN_INFINITE_RECURSION = YES;
				CLANG_WARN_INT_CONVERSION = YES;
				CLANG_WARN_NON_LITERAL_NULL_CONVERSION = YES;
				CLANG_WARN_OBJC_IMPLICIT_RETAIN_SELF = YES;
				CLANG_WARN_OBJC_LITERAL_CONVERSION = YES;
				CLANG_WARN_OBJC_ROOT_CLASS = YES_ERROR;
				CLANG_WARN_QUOTED_INCLUDE_IN_FRAMEWORK_HEADER = YES;
				CLANG_WARN_RANGE_LOOP_ANALYSIS = YES;
				CLANG_WARN_STRICT_PROTOTYPES = YES;
				CLANG_WARN_SUSPICIOUS_MOVE = YES;
				CLANG_WARN_UNGUARDED_AVAILABILITY = YES_AGGRESSIVE;
				CLANG_WARN_UNREACHABLE_CODE = YES;
				CLANG_WARN__DUPLICATE_METHOD_MATCH = YES;
				COPY_PHASE_STRIP = NO;
				DEBUG_INFORMATION_FORMAT = dwarf;
				ENABLE_STRICT_OBJC_MSGSEND = YES;
				ENABLE_TESTABILITY = YES;
				GCC_C_LANGUAGE_STANDARD = gnu11;
				GCC_DYNAMIC_NO_PIC = NO;
				GCC_NO_COMMON_BLOCKS = YES;
				GCC_OPTIMIZATION_LEVEL = 0;
				GCC_PREPROCESSOR_DEFINITIONS = (
					"DEBUG=1",
					"$(inherited)",
				);
				GCC_WARN_64_TO_32_BIT_CONVERSION = YES;
				GCC_WARN_ABOUT_RETURN_TYPE = YES_ERROR;
				GCC_WARN_UNDECLARED_SELECTOR = YES;
				GCC_WARN_UNINITIALIZED_AUTOS = YES_AGGRESSIVE;
				GCC_WARN_UNUSED_FUNCTION = YES;
				GCC_WARN_UNUSED_VARIABLE = YES;
				IPHONEOS_DEPLOYMENT_TARGET = 16.2;
				MTL_ENABLE_DEBUG_INFO = INCLUDE_SOURCE;
				MTL_FAST_MATH = YES;
				ONLY_ACTIVE_ARCH = YES;
				SDKROOT = iphoneos;
				SWIFT_ACTIVE_COMPILATION_CONDITIONS = DEBUG;
				SWIFT_OPTIMIZATION_LEVEL = "-Onone";
			};
			name = Debug;
		};
		1A31FC522981767C001BAA2E /* Release */ = {
			isa = XCBuildConfiguration;
			buildSettings = {
				ALWAYS_SEARCH_USER_PATHS = NO;
				CLANG_ANALYZER_NONNULL = YES;
				CLANG_ANALYZER_NUMBER_OBJECT_CONVERSION = YES_AGGRESSIVE;
				CLANG_CXX_LANGUAGE_STANDARD = "gnu++20";
				CLANG_ENABLE_MODULES = YES;
				CLANG_ENABLE_OBJC_ARC = YES;
				CLANG_ENABLE_OBJC_WEAK = YES;
				CLANG_WARN_BLOCK_CAPTURE_AUTORELEASING = YES;
				CLANG_WARN_BOOL_CONVERSION = YES;
				CLANG_WARN_COMMA = YES;
				CLANG_WARN_CONSTANT_CONVERSION = YES;
				CLANG_WARN_DEPRECATED_OBJC_IMPLEMENTATIONS = YES;
				CLANG_WARN_DIRECT_OBJC_ISA_USAGE = YES_ERROR;
				CLANG_WARN_DOCUMENTATION_COMMENTS = YES;
				CLANG_WARN_EMPTY_BODY = YES;
				CLANG_WARN_ENUM_CONVERSION = YES;
				CLANG_WARN_INFINITE_RECURSION = YES;
				CLANG_WARN_INT_CONVERSION = YES;
				CLANG_WARN_NON_LITERAL_NULL_CONVERSION = YES;
				CLANG_WARN_OBJC_IMPLICIT_RETAIN_SELF = YES;
				CLANG_WARN_OBJC_LITERAL_CONVERSION = YES;
				CLANG_WARN_OBJC_ROOT_CLASS = YES_ERROR;
				CLANG_WARN_QUOTED_INCLUDE_IN_FRAMEWORK_HEADER = YES;
				CLANG_WARN_RANGE_LOOP_ANALYSIS = YES;
				CLANG_WARN_STRICT_PROTOTYPES = YES;
				CLANG_WARN_SUSPICIOUS_MOVE = YES;
				CLANG_WARN_UNGUARDED_AVAILABILITY = YES_AGGRESSIVE;
				CLANG_WARN_UNREACHABLE_CODE = YES;
				CLANG_WARN__DUPLICATE_METHOD_MATCH = YES;
				COPY_PHASE_STRIP = NO;
				DEBUG_INFORMATION_FORMAT = "dwarf-with-dsym";
				ENABLE_NS_ASSERTIONS = NO;
				ENABLE_STRICT_OBJC_MSGSEND = YES;
				GCC_C_LANGUAGE_STANDARD = gnu11;
				GCC_NO_COMMON_BLOCKS = YES;
				GCC_WARN_64_TO_32_BIT_CONVERSION = YES;
				GCC_WARN_ABOUT_RETURN_TYPE = YES_ERROR;
				GCC_WARN_UNDECLARED_SELECTOR = YES;
				GCC_WARN_UNINITIALIZED_AUTOS = YES_AGGRESSIVE;
				GCC_WARN_UNUSED_FUNCTION = YES;
				GCC_WARN_UNUSED_VARIABLE = YES;
				IPHONEOS_DEPLOYMENT_TARGET = 16.2;
				MTL_ENABLE_DEBUG_INFO = NO;
				MTL_FAST_MATH = YES;
				SDKROOT = iphoneos;
				SWIFT_COMPILATION_MODE = wholemodule;
				SWIFT_OPTIMIZATION_LEVEL = "-O";
				VALIDATE_PRODUCT = YES;
			};
			name = Release;
		};
		1A31FC542981767C001BAA2E /* Debug */ = {
			isa = XCBuildConfiguration;
			baseConfigurationReference = 44EEFAB7CC9D49461B559E13 /* Pods-iCinemApp.debug.xcconfig */;
			buildSettings = {
				ASSETCATALOG_COMPILER_APPICON_NAME = AppIcon;
				ASSETCATALOG_COMPILER_GLOBAL_ACCENT_COLOR_NAME = AccentColor;
				CODE_SIGN_STYLE = Automatic;
				CURRENT_PROJECT_VERSION = 1;
				DEVELOPMENT_TEAM = ZU4CT23P9L;
				GENERATE_INFOPLIST_FILE = YES;
				INFOPLIST_FILE = iCinemApp/Info.plist;
				INFOPLIST_KEY_UIApplicationSupportsIndirectInputEvents = YES;
				INFOPLIST_KEY_UILaunchStoryboardName = LaunchScreen;
				INFOPLIST_KEY_UISupportedInterfaceOrientations_iPad = "UIInterfaceOrientationPortrait UIInterfaceOrientationPortraitUpsideDown UIInterfaceOrientationLandscapeLeft UIInterfaceOrientationLandscapeRight";
				INFOPLIST_KEY_UISupportedInterfaceOrientations_iPhone = "UIInterfaceOrientationPortrait UIInterfaceOrientationLandscapeLeft UIInterfaceOrientationLandscapeRight";
				LD_RUNPATH_SEARCH_PATHS = (
					"$(inherited)",
					"@executable_path/Frameworks",
				);
				MARKETING_VERSION = 1.0;
				PRODUCT_BUNDLE_IDENTIFIER = com.example.first.iCinemApp;
				PRODUCT_NAME = "$(TARGET_NAME)";
				SWIFT_EMIT_LOC_STRINGS = YES;
				SWIFT_VERSION = 5.0;
				TARGETED_DEVICE_FAMILY = "1,2";
			};
			name = Debug;
		};
		1A31FC552981767C001BAA2E /* Release */ = {
			isa = XCBuildConfiguration;
			baseConfigurationReference = FA624DA27D9FC5C29B3E1FE9 /* Pods-iCinemApp.release.xcconfig */;
			buildSettings = {
				ASSETCATALOG_COMPILER_APPICON_NAME = AppIcon;
				ASSETCATALOG_COMPILER_GLOBAL_ACCENT_COLOR_NAME = AccentColor;
				CODE_SIGN_STYLE = Automatic;
				CURRENT_PROJECT_VERSION = 1;
				DEVELOPMENT_TEAM = ZU4CT23P9L;
				GENERATE_INFOPLIST_FILE = YES;
				INFOPLIST_FILE = iCinemApp/Info.plist;
				INFOPLIST_KEY_UIApplicationSupportsIndirectInputEvents = YES;
				INFOPLIST_KEY_UILaunchStoryboardName = LaunchScreen;
				INFOPLIST_KEY_UISupportedInterfaceOrientations_iPad = "UIInterfaceOrientationPortrait UIInterfaceOrientationPortraitUpsideDown UIInterfaceOrientationLandscapeLeft UIInterfaceOrientationLandscapeRight";
				INFOPLIST_KEY_UISupportedInterfaceOrientations_iPhone = "UIInterfaceOrientationPortrait UIInterfaceOrientationLandscapeLeft UIInterfaceOrientationLandscapeRight";
				LD_RUNPATH_SEARCH_PATHS = (
					"$(inherited)",
					"@executable_path/Frameworks",
				);
				MARKETING_VERSION = 1.0;
				PRODUCT_BUNDLE_IDENTIFIER = com.example.first.iCinemApp;
				PRODUCT_NAME = "$(TARGET_NAME)";
				SWIFT_EMIT_LOC_STRINGS = YES;
				SWIFT_VERSION = 5.0;
				TARGETED_DEVICE_FAMILY = "1,2";
			};
			name = Release;
		};
/* End XCBuildConfiguration section */

/* Begin XCConfigurationList section */
		1A31FC3A2981767B001BAA2E /* Build configuration list for PBXProject "iCinemApp" */ = {
			isa = XCConfigurationList;
			buildConfigurations = (
				1A31FC512981767C001BAA2E /* Debug */,
				1A31FC522981767C001BAA2E /* Release */,
			);
			defaultConfigurationIsVisible = 0;
			defaultConfigurationName = Release;
		};
		1A31FC532981767C001BAA2E /* Build configuration list for PBXNativeTarget "iCinemApp" */ = {
			isa = XCConfigurationList;
			buildConfigurations = (
				1A31FC542981767C001BAA2E /* Debug */,
				1A31FC552981767C001BAA2E /* Release */,
			);
			defaultConfigurationIsVisible = 0;
			defaultConfigurationName = Release;
		};
/* End XCConfigurationList section */
	};
	rootObject = 1A31FC372981767B001BAA2E /* Project object */;
}
